// !$*UTF8*$!
{
	archiveVersion = 1;
	classes = {
	};
	objectVersion = 50;
	objects = {

/* Begin PBXBuildFile section */
		F83CCF6B233134CD007E2599 /* AppDelegate.swift in Sources */ = {isa = PBXBuildFile; fileRef = F83CCF6A233134CD007E2599 /* AppDelegate.swift */; };
		F83CCF6D233134CD007E2599 /* ViewController.swift in Sources */ = {isa = PBXBuildFile; fileRef = F83CCF6C233134CD007E2599 /* ViewController.swift */; };
		F83CCF70233134CD007E2599 /* Main.storyboard in Resources */ = {isa = PBXBuildFile; fileRef = F83CCF6E233134CD007E2599 /* Main.storyboard */; };
		F83CCF72233134CF007E2599 /* Assets.xcassets in Resources */ = {isa = PBXBuildFile; fileRef = F83CCF71233134CF007E2599 /* Assets.xcassets */; };
		F83CCF75233134CF007E2599 /* LaunchScreen.storyboard in Resources */ = {isa = PBXBuildFile; fileRef = F83CCF73233134CF007E2599 /* LaunchScreen.storyboard */; };
/* End PBXBuildFile section */

/* Begin PBXFileReference section */
		F83CCF67233134CD007E2599 /* 20190917_HideKeyboard_tutorial.app */ = {isa = PBXFileReference; explicitFileType = wrapper.application; includeInIndex = 0; path = 20190917_HideKeyboard_tutorial.app; sourceTree = BUILT_PRODUCTS_DIR; };
		F83CCF6A233134CD007E2599 /* AppDelegate.swift */ = {isa = PBXFileReference; lastKnownFileType = sourcecode.swift; path = AppDelegate.swift; sourceTree = "<group>"; };
		F83CCF6C233134CD007E2599 /* ViewController.swift */ = {isa = PBXFileReference; lastKnownFileType = sourcecode.swift; path = ViewController.swift; sourceTree = "<group>"; };
		F83CCF6F233134CD007E2599 /* Base */ = {isa = PBXFileReference; lastKnownFileType = file.storyboard; name = Base; path = Base.lproj/Main.storyboard; sourceTree = "<group>"; };
		F83CCF71233134CF007E2599 /* Assets.xcassets */ = {isa = PBXFileReference; lastKnownFileType = folder.assetcatalog; path = Assets.xcassets; sourceTree = "<group>"; };
		F83CCF74233134CF007E2599 /* Base */ = {isa = PBXFileReference; lastKnownFileType = file.storyboard; name = Base; path = Base.lproj/LaunchScreen.storyboard; sourceTree = "<group>"; };
		F83CCF76233134CF007E2599 /* Info.plist */ = {isa = PBXFileReference; lastKnownFileType = text.plist.xml; path = Info.plist; sourceTree = "<group>"; };
/* End PBXFileReference section */

/* Begin PBXFrameworksBuildPhase section */
		F83CCF64233134CD007E2599 /* Frameworks */ = {
			isa = PBXFrameworksBuildPhase;
			buildActionMask = 2147483647;
			files = (
			);
			runOnlyForDeploymentPostprocessing = 0;
		};
/* End PBXFrameworksBuildPhase section */

/* Begin PBXGroup section */
		F83CCF5E233134CD007E2599 = {
			isa = PBXGroup;
			children = (
				F83CCF69233134CD007E2599 /* 20190917_HideKeyboard_tutorial */,
				F83CCF68233134CD007E2599 /* Products */,
			);
			sourceTree = "<group>";
		};
		F83CCF68233134CD007E2599 /* Products */ = {
			isa = PBXGroup;
			children = (
				F83CCF67233134CD007E2599 /* 20190917_HideKeyboard_tutorial.app */,
			);
			name = Products;
			sourceTree = "<group>";
		};
		F83CCF69233134CD007E2599 /* 20190917_HideKeyboard_tutorial */ = {
			isa = PBXGroup;
			children = (
				F83CCF6A233134CD007E2599 /* AppDelegate.swift */,
				F83CCF6C233134CD007E2599 /* ViewController.swift */,
				F83CCF6E233134CD007E2599 /* Main.storyboard */,
				F83CCF71233134CF007E2599 /* Assets.xcassets */,
				F83CCF73233134CF007E2599 /* LaunchScreen.storyboard */,
				F83CCF76233134CF007E2599 /* Info.plist */,
			);
			path = 20190917_HideKeyboard_tutorial;
			sourceTree = "<group>";
		};
/* End PBXGroup section */

/* Begin PBXNativeTarget section */
		F83CCF66233134CD007E2599 /* 20190917_HideKeyboard_tutorial */ = {
			isa = PBXNativeTarget;
			buildConfigurationList = F83CCF79233134CF007E2599 /* Build configuration list for PBXNativeTarget "20190917_HideKeyboard_tutorial" */;
			buildPhases = (
				F83CCF63233134CD007E2599 /* Sources */,
				F83CCF64233134CD007E2599 /* Frameworks */,
				F83CCF65233134CD007E2599 /* Resources */,
			);
			buildRules = (
			);
			dependencies = (
			);
			name = 20190917_HideKeyboard_tutorial;
			productName = 20190917_HideKeyboard_tutorial;
			productReference = F83CCF67233134CD007E2599 /* 20190917_HideKeyboard_tutorial.app */;
			productType = "com.apple.product-type.application";
		};
/* End PBXNativeTarget section */

/* Begin PBXProject section */
		F83CCF5F233134CD007E2599 /* Project object */ = {
			isa = PBXProject;
			attributes = {
				LastSwiftUpdateCheck = 1030;
				LastUpgradeCheck = 1030;
				ORGANIZATIONNAME = "chen hsin hung";
				TargetAttributes = {
					F83CCF66233134CD007E2599 = {
						CreatedOnToolsVersion = 10.3;
					};
				};
			};
			buildConfigurationList = F83CCF62233134CD007E2599 /* Build configuration list for PBXProject "20190917_HideKeyboard_tutorial" */;
			compatibilityVersion = "Xcode 9.3";
			developmentRegion = en;
			hasScannedForEncodings = 0;
			knownRegions = (
				en,
				Base,
			);
			mainGroup = F83CCF5E233134CD007E2599;
			productRefGroup = F83CCF68233134CD007E2599 /* Products */;
			projectDirPath = "";
			projectRoot = "";
			targets = (
				F83CCF66233134CD007E2599 /* 20190917_HideKeyboard_tutorial */,
			);
		};
/* End PBXProject section */

/* Begin PBXResourcesBuildPhase section */
		F83CCF65233134CD007E2599 /* Resources */ = {
			isa = PBXResourcesBuildPhase;
			buildActionMask = 2147483647;
			files = (
				F83CCF75233134CF007E2599 /* LaunchScreen.storyboard in Resources */,
				F83CCF72233134CF007E2599 /* Assets.xcassets in Resources */,
				F83CCF70233134CD007E2599 /* Main.storyboard in Resources */,
			);
			runOnlyForDeploymentPostprocessing = 0;
		};
/* End PBXResourcesBuildPhase section */

/* Begin PBXSourcesBuildPhase section */
		F83CCF63233134CD007E2599 /* Sources */ = {
			isa = PBXSourcesBuildPhase;
			buildActionMask = 2147483647;
			files = (
				F83CCF6D233134CD007E2599 /* ViewController.swift in Sources */,
				F83CCF6B233134CD007E2599 /* AppDelegate.swift in Sources */,
			);
			runOnlyForDeploymentPostprocessing = 0;
		};
/* End PBXSourcesBuildPhase section */

/* Begin PBXVariantGroup section */
		F83CCF6E233134CD007E2599 /* Main.storyboard */ = {
			isa = PBXVariantGroup;
			children = (
				F83CCF6F233134CD007E2599 /* Base */,
			);
			name = Main.storyboard;
			sourceTree = "<group>";
		};
		F83CCF73233134CF007E2599 /* LaunchScreen.storyboard */ = {
			isa = PBXVariantGroup;
			children = (
				F83CCF74233134CF007E2599 /* Base */,
			);
			name = LaunchScreen.storyboard;
			sourceTree = "<group>";
		};
/* End PBXVariantGroup section */

/* Begin XCBuildConfiguration section */
		F83CCF77233134CF007E2599 /* Debug */ = {
			isa = XCBuildConfiguration;
			buildSettings = {
				ALWAYS_SEARCH_USER_PATHS = NO;
				CLANG_ANALYZER_NONNULL = YES;
				CLANG_ANALYZER_NUMBER_OBJECT_CONVERSION = YES_AGGRESSIVE;
				CLANG_CXX_LANGUAGE_STANDARD = "gnu++14";
				CLANG_CXX_LIBRARY = "libc++";
				CLANG_ENABLE_MODULES = YES;
				CLANG_ENABLE_OBJC_ARC = YES;
				CLANG_ENABLE_OBJC_WEAK = YES;
				CLANG_WARN_BLOCK_CAPTURE_AUTORELEASING = YES;
				CLANG_WARN_BOOL_CONVERSION = YES;
				CLANG_WARN_COMMA = YES;
				CLANG_WARN_CONSTANT_CONVERSION = YES;
				CLANG_WARN_DEPRECATED_OBJC_IMPLEMENTATIONS = YES;
				CLANG_WARN_DIRECT_OBJC_ISA_USAGE = YES_ERROR;
				CLANG_WARN_DOCUMENTATION_COMMENTS = YES;
				CLANG_WARN_EMPTY_BODY = YES;
				CLANG_WARN_ENUM_CONVERSION = YES;
				CLANG_WARN_INFINITE_RECURSION = YES;
				CLANG_WARN_INT_CONVERSION = YES;
				CLANG_WARN_NON_LITERAL_NULL_CONVERSION = YES;
				CLANG_WARN_OBJC_IMPLICIT_RETAIN_SELF = YES;
				CLANG_WARN_OBJC_LITERAL_CONVERSION = YES;
				CLANG_WARN_OBJC_ROOT_CLASS = YES_ERROR;
				CLANG_WARN_RANGE_LOOP_ANALYSIS = YES;
				CLANG_WARN_STRICT_PROTOTYPES = YES;
				CLANG_WARN_SUSPICIOUS_MOVE = YES;
				CLANG_WARN_UNGUARDED_AVAILABILITY = YES_AGGRESSIVE;
				CLANG_WARN_UNREACHABLE_CODE = YES;
				CLANG_WARN__DUPLICATE_METHOD_MATCH = YES;
				CODE_SIGN_IDENTITY = "iPhone Developer";
				COPY_PHASE_STRIP = NO;
				DEBUG_INFORMATION_FORMAT = dwarf;
				ENABLE_STRICT_OBJC_MSGSEND = YES;
				ENABLE_TESTABILITY = YES;
				GCC_C_LANGUAGE_STANDARD = gnu11;
				GCC_DYNAMIC_NO_PIC = NO;
				GCC_NO_COMMON_BLOCKS = YES;
				GCC_OPTIMIZATION_LEVEL = 0;
				GCC_PREPROCESSOR_DEFINITIONS = (
					"DEBUG=1",
					"$(inherited)",
				);
				GCC_WARN_64_TO_32_BIT_CONVERSION = YES;
				GCC_WARN_ABOUT_RETURN_TYPE = YES_ERROR;
				GCC_WARN_UNDECLARED_SELECTOR = YES;
				GCC_WARN_UNINITIALIZED_AUTOS = YES_AGGRESSIVE;
				GCC_WARN_UNUSED_FUNCTION = YES;
				GCC_WARN_UNUSED_VARIABLE = YES;
				IPHONEOS_DEPLOYMENT_TARGET = 12.4;
				MTL_ENABLE_DEBUG_INFO = INCLUDE_SOURCE;
				MTL_FAST_MATH = YES;
				ONLY_ACTIVE_ARCH = YES;
				SDKROOT = iphoneos;
				SWIFT_ACTIVE_COMPILATION_CONDITIONS = DEBUG;
				SWIFT_OPTIMIZATION_LEVEL = "-Onone";
			};
			name = Debug;
		};
		F83CCF78233134CF007E2599 /* Release */ = {
			isa = XCBuildConfiguration;
			buildSettings = {
				ALWAYS_SEARCH_USER_PATHS = NO;
				CLANG_ANALYZER_NONNULL = YES;
				CLANG_ANALYZER_NUMBER_OBJECT_CONVERSION = YES_AGGRESSIVE;
				CLANG_CXX_LANGUAGE_STANDARD = "gnu++14";
				CLANG_CXX_LIBRARY = "libc++";
				CLANG_ENABLE_MODULES = YES;
				CLANG_ENABLE_OBJC_ARC = YES;
				CLANG_ENABLE_OBJC_WEAK = YES;
				CLANG_WARN_BLOCK_CAPTURE_AUTORELEASING = YES;
				CLANG_WARN_BOOL_CONVERSION = YES;
				CLANG_WARN_COMMA = YES;
				CLANG_WARN_CONSTANT_CONVERSION = YES;
				CLANG_WARN_DEPRECATED_OBJC_IMPLEMENTATIONS = YES;
				CLANG_WARN_DIRECT_OBJC_ISA_USAGE = YES_ERROR;
				CLANG_WARN_DOCUMENTATION_COMMENTS = YES;
				CLANG_WARN_EMPTY_BODY = YES;
				CLANG_WARN_ENUM_CONVERSION = YES;
				CLANG_WARN_INFINITE_RECURSION = YES;
				CLANG_WARN_INT_CONVERSION = YES;
				CLANG_WARN_NON_LITERAL_NULL_CONVERSION = YES;
				CLANG_WARN_OBJC_IMPLICIT_RETAIN_SELF = YES;
				CLANG_WARN_OBJC_LITERAL_CONVERSION = YES;
				CLANG_WARN_OBJC_ROOT_CLASS = YES_ERROR;
				CLANG_WARN_RANGE_LOOP_ANALYSIS = YES;
				CLANG_WARN_STRICT_PROTOTYPES = YES;
				CLANG_WARN_SUSPICIOUS_MOVE = YES;
				CLANG_WARN_UNGUARDED_AVAILABILITY = YES_AGGRESSIVE;
				CLANG_WARN_UNREACHABLE_CODE = YES;
				CLANG_WARN__DUPLICATE_METHOD_MATCH = YES;
				CODE_SIGN_IDENTITY = "iPhone Developer";
				COPY_PHASE_STRIP = NO;
				DEBUG_INFORMATION_FORMAT = "dwarf-with-dsym";
				ENABLE_NS_ASSERTIONS = NO;
				ENABLE_STRICT_OBJC_MSGSEND = YES;
				GCC_C_LANGUAGE_STANDARD = gnu11;
				GCC_NO_COMMON_BLOCKS = YES;
				GCC_WARN_64_TO_32_BIT_CONVERSION = YES;
				GCC_WARN_ABOUT_RETURN_TYPE = YES_ERROR;
				GCC_WARN_UNDECLARED_SELECTOR = YES;
				GCC_WARN_UNINITIALIZED_AUTOS = YES_AGGRESSIVE;
				GCC_WARN_UNUSED_FUNCTION = YES;
				GCC_WARN_UNUSED_VARIABLE = YES;
				IPHONEOS_DEPLOYMENT_TARGET = 12.4;
				MTL_ENABLE_DEBUG_INFO = NO;
				MTL_FAST_MATH = YES;
				SDKROOT = iphoneos;
				SWIFT_COMPILATION_MODE = wholemodule;
				SWIFT_OPTIMIZATION_LEVEL = "-O";
				VALIDATE_PRODUCT = YES;
			};
			name = Release;
		};
		F83CCF7A233134CF007E2599 /* Debug */ = {
			isa = XCBuildConfiguration;
			buildSettings = {
				ASSETCATALOG_COMPILER_APPICON_NAME = AppIcon;
				CODE_SIGN_STYLE = Automatic;
				DEVELOPMENT_TEAM = 5DVD73DRC4;
				INFOPLIST_FILE = 20190917_HideKeyboard_tutorial/Info.plist;
				LD_RUNPATH_SEARCH_PATHS = (
					"$(inherited)",
					"@executable_path/Frameworks",
				);
				PRODUCT_BUNDLE_IDENTIFIER = "test.-0190917-HideKeyboard-tutorial";
				PRODUCT_NAME = "$(TARGET_NAME)";
				SWIFT_VERSION = 5.0;
				TARGETED_DEVICE_FAMILY = "1,2";
			};
			name = Debug;
		};
		F83CCF7B233134CF007E2599 /* Release */ = {
			isa = XCBuildConfiguration;
			buildSettings = {
				ASSETCATALOG_COMPILER_APPICON_NAME = AppIcon;
				CODE_SIGN_STYLE = Automatic;
				DEVELOPMENT_TEAM = 5DVD73DRC4;
				INFOPLIST_FILE = 20190917_HideKeyboard_tutorial/Info.plist;
				LD_RUNPATH_SEARCH_PATHS = (
					"$(inherited)",
					"@executable_path/Frameworks",
				);
				PRODUCT_BUNDLE_IDENTIFIER = "test.-0190917-HideKeyboard-tutorial";
				PRODUCT_NAME = "$(TARGET_NAME)";
				SWIFT_VERSION = 5.0;
				TARGETED_DEVICE_FAMILY = "1,2";
			};
			name = Release;
		};
/* End XCBuildConfiguration section */

/* Begin XCConfigurationList section */
		F83CCF62233134CD007E2599 /* Build configuration list for PBXProject "20190917_HideKeyboard_tutorial" */ = {
			isa = XCConfigurationList;
			buildConfigurations = (
				F83CCF77233134CF007E2599 /* Debug */,
				F83CCF78233134CF007E2599 /* Release */,
			);
			defaultConfigurationIsVisible = 0;
			defaultConfigurationName = Release;
		};
		F83CCF79233134CF007E2599 /* Build configuration list for PBXNativeTarget "20190917_HideKeyboard_tutorial" */ = {
			isa = XCConfigurationList;
			buildConfigurations = (
				F83CCF7A233134CF007E2599 /* Debug */,
				F83CCF7B233134CF007E2599 /* Release */,
			);
			defaultConfigurationIsVisible = 0;
			defaultConfigurationName = Release;
		};
/* End XCConfigurationList section */
	};
	rootObject = F83CCF5F233134CD007E2599 /* Project object */;
}
